
Microsoft Visual Studio Solution File, Format Version 12.00
# Visual Studio 2017
Project("{FAE04EC0-301F-11D3-BF4B-00C04F79EFBC}") = "HCI project", "HCI project.csproj", "{42CA3711-57EA-744F-D63C-239184534AEB}"
EndProject
Global
	GlobalSection(SolutionConfigurationPlatforms) = preSolution
		Debug|Any CPU = Debug|Any CPU
		Release|Any CPU = Release|Any CPU
	EndGlobalSection
	GlobalSection(ProjectConfigurationPlatforms) = postSolution
		{42CA3711-57EA-744F-D63C-239184534AEB}.Debug|Any CPU.ActiveCfg = Debug|Any CPU
		{42CA3711-57EA-744F-D63C-239184534AEB}.Debug|Any CPU.Build.0 = Debug|Any CPU
		{42CA3711-57EA-744F-D63C-239184534AEB}.Release|Any CPU.ActiveCfg = Release|Any CPU
		{42CA3711-57EA-744F-D63C-239184534AEB}.Release|Any CPU.Build.0 = Release|Any CPU
	EndGlobalSection
	GlobalSection(SolutionProperties) = preSolution
		HideSolutionNode = FALSE
	EndGlobalSection
EndGlobal
